Microsoft Visual Studio Solution File, Format Version 12.00
# Visual Studio 2012
Project("{FAE04EC0-301F-11D3-BF4B-00C04F79EFBC}") = "Leatha.WarOfTheElements.Godot", "Leatha.WarOfTheElements.Godot.csproj", "{630DABFC-148D-4D71-A8ED-9C36160C1F70}"
EndProject
Global
	GlobalSection(SolutionConfigurationPlatforms) = preSolution
	Debug|Any CPU = Debug|Any CPU
	ExportDebug|Any CPU = ExportDebug|Any CPU
	ExportRelease|Any CPU = ExportRelease|Any CPU
	EndGlobalSection
	GlobalSection(ProjectConfigurationPlatforms) = postSolution
		{630DABFC-148D-4D71-A8ED-9C36160C1F70}.Debug|Any CPU.ActiveCfg = Debug|Any CPU
		{630DABFC-148D-4D71-A8ED-9C36160C1F70}.Debug|Any CPU.Build.0 = Debug|Any CPU
		{630DABFC-148D-4D71-A8ED-9C36160C1F70}.ExportDebug|Any CPU.ActiveCfg = ExportDebug|Any CPU
		{630DABFC-148D-4D71-A8ED-9C36160C1F70}.ExportDebug|Any CPU.Build.0 = ExportDebug|Any CPU
		{630DABFC-148D-4D71-A8ED-9C36160C1F70}.ExportRelease|Any CPU.ActiveCfg = ExportRelease|Any CPU
		{630DABFC-148D-4D71-A8ED-9C36160C1F70}.ExportRelease|Any CPU.Build.0 = ExportRelease|Any CPU
	EndGlobalSection
EndGlobal
